
Microsoft Visual Studio Solution File, Format Version 11.00
# Visual Studio 2010
Project("{2150E333-8FDC-42A3-9474-1A3956D46DE8}") = "Main", "Main", "{942F8E1A-578E-43E7-A699-335E06DB3CDE}"
	ProjectSection(SolutionItems) = preProject
		..\Klassen\Klassen.vbproj = ..\Klassen\Klassen.vbproj
	EndProjectSection
EndProject
Project("{2150E333-8FDC-42A3-9474-1A3956D46DE8}") = "Plugins", "Plugins", "{42A5DF68-6119-410F-83CF-8956F839E3EE}"
EndProject
Project("{F184B08F-C81C-45F6-A57F-5ABD9991F28F}") = "Eisenbahn", "Eisenbahn.vbproj", "{371DA758-FD2C-4CAB-A0E5-32C3ADE42CE5}"
EndProject
Project("{F184B08F-C81C-45F6-A57F-5ABD9991F28F}") = "PluginManagerLibrary", "..\..\PluginManagerLibrary\PluginManagerLibrary.vbproj", "{EF4F29FB-C1B4-4D26-A53F-C60F476C383F}"
EndProject
Global
	GlobalSection(SolutionConfigurationPlatforms) = preSolution
		Debug|Any CPU = Debug|Any CPU
		Release|Any CPU = Release|Any CPU
	EndGlobalSection
	GlobalSection(ProjectConfigurationPlatforms) = postSolution
		{371DA758-FD2C-4CAB-A0E5-32C3ADE42CE5}.Debug|Any CPU.ActiveCfg = Debug|Any CPU
		{371DA758-FD2C-4CAB-A0E5-32C3ADE42CE5}.Debug|Any CPU.Build.0 = Debug|Any CPU
		{371DA758-FD2C-4CAB-A0E5-32C3ADE42CE5}.Release|Any CPU.ActiveCfg = Release|Any CPU
		{371DA758-FD2C-4CAB-A0E5-32C3ADE42CE5}.Release|Any CPU.Build.0 = Release|Any CPU
		{EF4F29FB-C1B4-4D26-A53F-C60F476C383F}.Debug|Any CPU.ActiveCfg = Debug|Any CPU
		{EF4F29FB-C1B4-4D26-A53F-C60F476C383F}.Debug|Any CPU.Build.0 = Debug|Any CPU
		{EF4F29FB-C1B4-4D26-A53F-C60F476C383F}.Release|Any CPU.ActiveCfg = Release|Any CPU
		{EF4F29FB-C1B4-4D26-A53F-C60F476C383F}.Release|Any CPU.Build.0 = Release|Any CPU
	EndGlobalSection
	GlobalSection(SolutionProperties) = preSolution
		HideSolutionNode = FALSE
	EndGlobalSection
	GlobalSection(NestedProjects) = preSolution
		{371DA758-FD2C-4CAB-A0E5-32C3ADE42CE5} = {942F8E1A-578E-43E7-A699-335E06DB3CDE}
		{EF4F29FB-C1B4-4D26-A53F-C60F476C383F} = {942F8E1A-578E-43E7-A699-335E06DB3CDE}
	EndGlobalSection
EndGlobal
